
Microsoft Visual Studio Solution File, Format Version 12.00
# Visual Studio Version 16
VisualStudioVersion = 16.0.30503.244
MinimumVisualStudioVersion = 10.0.40219.1
Project("{FAE04EC0-301F-11D3-BF4B-00C04F79EFBC}") = "FileRenamer", "FileRenamer\FileRenamer.csproj", "{FAD288D1-BF69-4A03-9CD0-14F2145FD361}"
EndProject
Global
	GlobalSection(SolutionConfigurationPlatforms) = preSolution
		Debug|Any CPU = Debug|Any CPU
		Release|Any CPU = Release|Any CPU
	EndGlobalSection
	GlobalSection(ProjectConfigurationPlatforms) = postSolution
		{FAD288D1-BF69-4A03-9CD0-14F2145FD361}.Debug|Any CPU.ActiveCfg = Debug|Any CPU
		{FAD288D1-BF69-4A03-9CD0-14F2145FD361}.Debug|Any CPU.Build.0 = Debug|Any CPU
		{FAD288D1-BF69-4A03-9CD0-14F2145FD361}.Release|Any CPU.ActiveCfg = Release|Any CPU
		{FAD288D1-BF69-4A03-9CD0-14F2145FD361}.Release|Any CPU.Build.0 = Release|Any CPU
	EndGlobalSection
	GlobalSection(SolutionProperties) = preSolution
		HideSolutionNode = FALSE
	EndGlobalSection
	GlobalSection(ExtensibilityGlobals) = postSolution
		SolutionGuid = {5ECF6254-BD01-426B-A8AF-FB7C0E2797AD}
	EndGlobalSection
EndGlobal
